# THIS IS AN AUTOGENERATED FILE. DO NOT EDIT THIS FILE DIRECTLY.
# yarn lockfile v1


"@hynekfisera/arfi-common@^1.5.0":
  version "1.5.0"
  resolved "https://registry.yarnpkg.com/@hynekfisera/arfi-common/-/arfi-common-1.5.0.tgz#8381078da5ba1a2710676595328680fcd7d90102"
  integrity sha512-M8Hq454peTQBliST6caWX4kop7n6jLaUOkUVu8qaqeonY4oq5ri+2lpkHjGXRC0dXFo+DMBEJg+fzb3ZEiZPqg==

typescript@^5.1.6:
  version "5.1.6"
  resolved "https://registry.yarnpkg.com/typescript/-/typescript-5.1.6.tgz#02f8ac202b6dad2c0dd5e0913745b47a37998274"
  integrity sha512-zaWCozRZ6DLEWAWFrVDz1H6FVXzUSfTy5FUMWsQlU8Ym5JP9eO4xkTIROFCQvhQf61z6O/G6ugw3SgAnvvm+HA==
